// !$*UTF8*$!
{
	archiveVersion = 1;
	classes = {
	};
	objectVersion = 77;
	objects = {

/* Begin PBXBuildFile section */
		8B8C84D62CE7102E003E6E78 /* SnapKit in Frameworks */ = {isa = PBXBuildFile; productRef = 8B8C84D52CE7102E003E6E78 /* SnapKit */; };
		8BD1E0B82CEECB9F00DF9E51 /* UIButton.swift in Sources */ = {isa = PBXBuildFile; fileRef = 8BD1E0B52CEECB9F00DF9E51 /* UIButton.swift */; };
		8BD1E0B92CEECB9F00DF9E51 /* AppDelegate.swift in Sources */ = {isa = PBXBuildFile; fileRef = 8BD1E0A92CEECB9F00DF9E51 /* AppDelegate.swift */; };
		8BD1E0BA2CEECB9F00DF9E51 /* CalculatorViewController.swift in Sources */ = {isa = PBXBuildFile; fileRef = 8BD1E0AD2CEECB9F00DF9E51 /* CalculatorViewController.swift */; };
		8BD1E0BB2CEECB9F00DF9E51 /* CalculatorModel.swift in Sources */ = {isa = PBXBuildFile; fileRef = 8BD1E0AB2CEECB9F00DF9E51 /* CalculatorModel.swift */; };
		8BD1E0BC2CEECB9F00DF9E51 /* CalculatorViewModel.swift in Sources */ = {isa = PBXBuildFile; fileRef = 8BD1E0AE2CEECB9F00DF9E51 /* CalculatorViewModel.swift */; };
		8BD1E0BD2CEECB9F00DF9E51 /* SceneDelegate.swift in Sources */ = {isa = PBXBuildFile; fileRef = 8BD1E0B42CEECB9F00DF9E51 /* SceneDelegate.swift */; };
		8BD1E0BE2CEECB9F00DF9E51 /* UIStackView.swift in Sources */ = {isa = PBXBuildFile; fileRef = 8BD1E0B62CEECB9F00DF9E51 /* UIStackView.swift */; };
		8BD1E0BF2CEECB9F00DF9E51 /* CalculatorView.swift in Sources */ = {isa = PBXBuildFile; fileRef = 8BD1E0AC2CEECB9F00DF9E51 /* CalculatorView.swift */; };
		8BD1E0C02CEECB9F00DF9E51 /* Assets.xcassets in Resources */ = {isa = PBXBuildFile; fileRef = 8BD1E0AA2CEECB9F00DF9E51 /* Assets.xcassets */; };
		8BD1E0C42CEECB9F00DF9E51 /* LaunchScreen.storyboard in Resources */ = {isa = PBXBuildFile; fileRef = 8BD1E0B12CEECB9F00DF9E51 /* LaunchScreen.storyboard */; };
/* End PBXBuildFile section */

/* Begin PBXContainerItemProxy section */
		8B8E2B052CE6F174001EEC99 /* PBXContainerItemProxy */ = {
			isa = PBXContainerItemProxy;
			containerPortal = 8B8E2AE62CE6F173001EEC99 /* Project object */;
			proxyType = 1;
			remoteGlobalIDString = 8B8E2AED2CE6F173001EEC99;
			remoteInfo = RemindCalulatorApp;
		};
		8B8E2B0F2CE6F174001EEC99 /* PBXContainerItemProxy */ = {
			isa = PBXContainerItemProxy;
			containerPortal = 8B8E2AE62CE6F173001EEC99 /* Project object */;
			proxyType = 1;
			remoteGlobalIDString = 8B8E2AED2CE6F173001EEC99;
			remoteInfo = RemindCalulatorApp;
		};
/* End PBXContainerItemProxy section */

/* Begin PBXFileReference section */
		8B8E2AEE2CE6F173001EEC99 /* CalculatorApp1.app */ = {isa = PBXFileReference; explicitFileType = wrapper.application; includeInIndex = 0; path = CalculatorApp1.app; sourceTree = BUILT_PRODUCTS_DIR; };
		8B8E2B042CE6F174001EEC99 /* RemindCalulatorAppTests.xctest */ = {isa = PBXFileReference; explicitFileType = wrapper.cfbundle; includeInIndex = 0; path = RemindCalulatorAppTests.xctest; sourceTree = BUILT_PRODUCTS_DIR; };
		8B8E2B0E2CE6F174001EEC99 /* RemindCalulatorAppUITests.xctest */ = {isa = PBXFileReference; explicitFileType = wrapper.cfbundle; includeInIndex = 0; path = RemindCalulatorAppUITests.xctest; sourceTree = BUILT_PRODUCTS_DIR; };
		8BD1E0A92CEECB9F00DF9E51 /* AppDelegate.swift */ = {isa = PBXFileReference; lastKnownFileType = sourcecode.swift; path = AppDelegate.swift; sourceTree = "<group>"; };
		8BD1E0AA2CEECB9F00DF9E51 /* Assets.xcassets */ = {isa = PBXFileReference; lastKnownFileType = folder.assetcatalog; path = Assets.xcassets; sourceTree = "<group>"; };
		8BD1E0AB2CEECB9F00DF9E51 /* CalculatorModel.swift */ = {isa = PBXFileReference; lastKnownFileType = sourcecode.swift; path = CalculatorModel.swift; sourceTree = "<group>"; };
		8BD1E0AC2CEECB9F00DF9E51 /* CalculatorView.swift */ = {isa = PBXFileReference; lastKnownFileType = sourcecode.swift; path = CalculatorView.swift; sourceTree = "<group>"; };
		8BD1E0AD2CEECB9F00DF9E51 /* CalculatorViewController.swift */ = {isa = PBXFileReference; lastKnownFileType = sourcecode.swift; path = CalculatorViewController.swift; sourceTree = "<group>"; };
		8BD1E0AE2CEECB9F00DF9E51 /* CalculatorViewModel.swift */ = {isa = PBXFileReference; lastKnownFileType = sourcecode.swift; path = CalculatorViewModel.swift; sourceTree = "<group>"; };
		8BD1E0AF2CEECB9F00DF9E51 /* Info.plist */ = {isa = PBXFileReference; lastKnownFileType = text.plist.xml; path = Info.plist; sourceTree = "<group>"; };
		8BD1E0B02CEECB9F00DF9E51 /* Base */ = {isa = PBXFileReference; lastKnownFileType = file.storyboard; name = Base; path = Base.lproj/LaunchScreen.storyboard; sourceTree = "<group>"; };
		8BD1E0B42CEECB9F00DF9E51 /* SceneDelegate.swift */ = {isa = PBXFileReference; lastKnownFileType = sourcecode.swift; path = SceneDelegate.swift; sourceTree = "<group>"; };
		8BD1E0B52CEECB9F00DF9E51 /* UIButton.swift */ = {isa = PBXFileReference; lastKnownFileType = sourcecode.swift; path = UIButton.swift; sourceTree = "<group>"; };
		8BD1E0B62CEECB9F00DF9E51 /* UIStackView.swift */ = {isa = PBXFileReference; lastKnownFileType = sourcecode.swift; path = UIStackView.swift; sourceTree = "<group>"; };
/* End PBXFileReference section */

/* Begin PBXFileSystemSynchronizedRootGroup section */
		8B8E2B072CE6F174001EEC99 /* RemindCalulatorAppTests */ = {
			isa = PBXFileSystemSynchronizedRootGroup;
			path = RemindCalulatorAppTests;
			sourceTree = "<group>";
		};
		8B8E2B112CE6F174001EEC99 /* RemindCalulatorAppUITests */ = {
			isa = PBXFileSystemSynchronizedRootGroup;
			path = RemindCalulatorAppUITests;
			sourceTree = "<group>";
		};
/* End PBXFileSystemSynchronizedRootGroup section */

/* Begin PBXFrameworksBuildPhase section */
		8B8E2AEB2CE6F173001EEC99 /* Frameworks */ = {
			isa = PBXFrameworksBuildPhase;
			buildActionMask = 2147483647;
			files = (
				8B8C84D62CE7102E003E6E78 /* SnapKit in Frameworks */,
			);
			runOnlyForDeploymentPostprocessing = 0;
		};
		8B8E2B012CE6F174001EEC99 /* Frameworks */ = {
			isa = PBXFrameworksBuildPhase;
			buildActionMask = 2147483647;
			files = (
			);
			runOnlyForDeploymentPostprocessing = 0;
		};
		8B8E2B0B2CE6F174001EEC99 /* Frameworks */ = {
			isa = PBXFrameworksBuildPhase;
			buildActionMask = 2147483647;
			files = (
			);
			runOnlyForDeploymentPostprocessing = 0;
		};
/* End PBXFrameworksBuildPhase section */

/* Begin PBXGroup section */
		8B8E2AE52CE6F173001EEC99 = {
			isa = PBXGroup;
			children = (
				8BD1E0B72CEECB9F00DF9E51 /* CalculatorApp1 */,
				8B8E2B072CE6F174001EEC99 /* RemindCalulatorAppTests */,
				8B8E2B112CE6F174001EEC99 /* RemindCalulatorAppUITests */,
				8B8E2AEF2CE6F173001EEC99 /* Products */,
			);
			sourceTree = "<group>";
		};
		8B8E2AEF2CE6F173001EEC99 /* Products */ = {
			isa = PBXGroup;
			children = (
				8B8E2AEE2CE6F173001EEC99 /* CalculatorApp1.app */,
				8B8E2B042CE6F174001EEC99 /* RemindCalulatorAppTests.xctest */,
				8B8E2B0E2CE6F174001EEC99 /* RemindCalulatorAppUITests.xctest */,
			);
			name = Products;
			sourceTree = "<group>";
		};
		8BD1E0B72CEECB9F00DF9E51 /* CalculatorApp1 */ = {
			isa = PBXGroup;
			children = (
				8BD1E0A92CEECB9F00DF9E51 /* AppDelegate.swift */,
				8BD1E0AA2CEECB9F00DF9E51 /* Assets.xcassets */,
				8BD1E0AB2CEECB9F00DF9E51 /* CalculatorModel.swift */,
				8BD1E0AC2CEECB9F00DF9E51 /* CalculatorView.swift */,
				8BD1E0AD2CEECB9F00DF9E51 /* CalculatorViewController.swift */,
				8BD1E0AE2CEECB9F00DF9E51 /* CalculatorViewModel.swift */,
				8BD1E0AF2CEECB9F00DF9E51 /* Info.plist */,
				8BD1E0B12CEECB9F00DF9E51 /* LaunchScreen.storyboard */,
				8BD1E0B42CEECB9F00DF9E51 /* SceneDelegate.swift */,
				8BD1E0B52CEECB9F00DF9E51 /* UIButton.swift */,
				8BD1E0B62CEECB9F00DF9E51 /* UIStackView.swift */,
			);
			path = CalculatorApp1;
			sourceTree = "<group>";
		};
/* End PBXGroup section */

/* Begin PBXNativeTarget section */
		8B8E2AED2CE6F173001EEC99 /* CalculatorApp1 */ = {
			isa = PBXNativeTarget;
			buildConfigurationList = 8B8E2B172CE6F174001EEC99 /* Build configuration list for PBXNativeTarget "CalculatorApp1" */;
			buildPhases = (
				8B8E2AEA2CE6F173001EEC99 /* Sources */,
				8B8E2AEB2CE6F173001EEC99 /* Frameworks */,
				8B8E2AEC2CE6F173001EEC99 /* Resources */,
			);
			buildRules = (
			);
			dependencies = (
			);
			name = CalculatorApp1;
			packageProductDependencies = (
				8B8C84D52CE7102E003E6E78 /* SnapKit */,
			);
			productName = RemindCalulatorApp;
			productReference = 8B8E2AEE2CE6F173001EEC99 /* CalculatorApp1.app */;
			productType = "com.apple.product-type.application";
		};
		8B8E2B032CE6F174001EEC99 /* RemindCalulatorAppTests */ = {
			isa = PBXNativeTarget;
			buildConfigurationList = 8B8E2B1C2CE6F174001EEC99 /* Build configuration list for PBXNativeTarget "RemindCalulatorAppTests" */;
			buildPhases = (
				8B8E2B002CE6F174001EEC99 /* Sources */,
				8B8E2B012CE6F174001EEC99 /* Frameworks */,
				8B8E2B022CE6F174001EEC99 /* Resources */,
			);
			buildRules = (
			);
			dependencies = (
				8B8E2B062CE6F174001EEC99 /* PBXTargetDependency */,
			);
			fileSystemSynchronizedGroups = (
				8B8E2B072CE6F174001EEC99 /* RemindCalulatorAppTests */,
			);
			name = RemindCalulatorAppTests;
			packageProductDependencies = (
			);
			productName = RemindCalulatorAppTests;
			productReference = 8B8E2B042CE6F174001EEC99 /* RemindCalulatorAppTests.xctest */;
			productType = "com.apple.product-type.bundle.unit-test";
		};
		8B8E2B0D2CE6F174001EEC99 /* RemindCalulatorAppUITests */ = {
			isa = PBXNativeTarget;
			buildConfigurationList = 8B8E2B1F2CE6F174001EEC99 /* Build configuration list for PBXNativeTarget "RemindCalulatorAppUITests" */;
			buildPhases = (
				8B8E2B0A2CE6F174001EEC99 /* Sources */,
				8B8E2B0B2CE6F174001EEC99 /* Frameworks */,
				8B8E2B0C2CE6F174001EEC99 /* Resources */,
			);
			buildRules = (
			);
			dependencies = (
				8B8E2B102CE6F174001EEC99 /* PBXTargetDependency */,
			);
			fileSystemSynchronizedGroups = (
				8B8E2B112CE6F174001EEC99 /* RemindCalulatorAppUITests */,
			);
			name = RemindCalulatorAppUITests;
			packageProductDependencies = (
			);
			productName = RemindCalulatorAppUITests;
			productReference = 8B8E2B0E2CE6F174001EEC99 /* RemindCalulatorAppUITests.xctest */;
			productType = "com.apple.product-type.bundle.ui-testing";
		};
/* End PBXNativeTarget section */

/* Begin PBXProject section */
		8B8E2AE62CE6F173001EEC99 /* Project object */ = {
			isa = PBXProject;
			attributes = {
				BuildIndependentTargetsInParallel = 1;
				LastSwiftUpdateCheck = 1610;
				LastUpgradeCheck = 1610;
				TargetAttributes = {
					8B8E2AED2CE6F173001EEC99 = {
						CreatedOnToolsVersion = 16.1;
					};
					8B8E2B032CE6F174001EEC99 = {
						CreatedOnToolsVersion = 16.1;
						TestTargetID = 8B8E2AED2CE6F173001EEC99;
					};
					8B8E2B0D2CE6F174001EEC99 = {
						CreatedOnToolsVersion = 16.1;
						TestTargetID = 8B8E2AED2CE6F173001EEC99;
					};
				};
			};
			buildConfigurationList = 8B8E2AE92CE6F173001EEC99 /* Build configuration list for PBXProject "CalculatorApp1" */;
			developmentRegion = en;
			hasScannedForEncodings = 0;
			knownRegions = (
				en,
				Base,
			);
			mainGroup = 8B8E2AE52CE6F173001EEC99;
			minimizedProjectReferenceProxies = 1;
			packageReferences = (
				8B8C84D42CE7102E003E6E78 /* XCRemoteSwiftPackageReference "SnapKit" */,
			);
			preferredProjectObjectVersion = 77;
			productRefGroup = 8B8E2AEF2CE6F173001EEC99 /* Products */;
			projectDirPath = "";
			projectRoot = "";
			targets = (
				8B8E2AED2CE6F173001EEC99 /* CalculatorApp1 */,
				8B8E2B032CE6F174001EEC99 /* RemindCalulatorAppTests */,
				8B8E2B0D2CE6F174001EEC99 /* RemindCalulatorAppUITests */,
			);
		};
/* End PBXProject section */

/* Begin PBXResourcesBuildPhase section */
		8B8E2AEC2CE6F173001EEC99 /* Resources */ = {
			isa = PBXResourcesBuildPhase;
			buildActionMask = 2147483647;
			files = (
				8BD1E0C02CEECB9F00DF9E51 /* Assets.xcassets in Resources */,
				8BD1E0C42CEECB9F00DF9E51 /* LaunchScreen.storyboard in Resources */,
			);
			runOnlyForDeploymentPostprocessing = 0;
		};
		8B8E2B022CE6F174001EEC99 /* Resources */ = {
			isa = PBXResourcesBuildPhase;
			buildActionMask = 2147483647;
			files = (
			);
			runOnlyForDeploymentPostprocessing = 0;
		};
		8B8E2B0C2CE6F174001EEC99 /* Resources */ = {
			isa = PBXResourcesBuildPhase;
			buildActionMask = 2147483647;
			files = (
			);
			runOnlyForDeploymentPostprocessing = 0;
		};
/* End PBXResourcesBuildPhase section */

/* Begin PBXSourcesBuildPhase section */
		8B8E2AEA2CE6F173001EEC99 /* Sources */ = {
			isa = PBXSourcesBuildPhase;
			buildActionMask = 2147483647;
			files = (
				8BD1E0B82CEECB9F00DF9E51 /* UIButton.swift in Sources */,
				8BD1E0B92CEECB9F00DF9E51 /* AppDelegate.swift in Sources */,
				8BD1E0BA2CEECB9F00DF9E51 /* CalculatorViewController.swift in Sources */,
				8BD1E0BB2CEECB9F00DF9E51 /* CalculatorModel.swift in Sources */,
				8BD1E0BC2CEECB9F00DF9E51 /* CalculatorViewModel.swift in Sources */,
				8BD1E0BD2CEECB9F00DF9E51 /* SceneDelegate.swift in Sources */,
				8BD1E0BE2CEECB9F00DF9E51 /* UIStackView.swift in Sources */,
				8BD1E0BF2CEECB9F00DF9E51 /* CalculatorView.swift in Sources */,
			);
			runOnlyForDeploymentPostprocessing = 0;
		};
		8B8E2B002CE6F174001EEC99 /* Sources */ = {
			isa = PBXSourcesBuildPhase;
			buildActionMask = 2147483647;
			files = (
			);
			runOnlyForDeploymentPostprocessing = 0;
		};
		8B8E2B0A2CE6F174001EEC99 /* Sources */ = {
			isa = PBXSourcesBuildPhase;
			buildActionMask = 2147483647;
			files = (
			);
			runOnlyForDeploymentPostprocessing = 0;
		};
/* End PBXSourcesBuildPhase section */

/* Begin PBXTargetDependency section */
		8B8E2B062CE6F174001EEC99 /* PBXTargetDependency */ = {
			isa = PBXTargetDependency;
			target = 8B8E2AED2CE6F173001EEC99 /* CalculatorApp1 */;
			targetProxy = 8B8E2B052CE6F174001EEC99 /* PBXContainerItemProxy */;
		};
		8B8E2B102CE6F174001EEC99 /* PBXTargetDependency */ = {
			isa = PBXTargetDependency;
			target = 8B8E2AED2CE6F173001EEC99 /* CalculatorApp1 */;
			targetProxy = 8B8E2B0F2CE6F174001EEC99 /* PBXContainerItemProxy */;
		};
/* End PBXTargetDependency section */

/* Begin PBXVariantGroup section */
		8BD1E0B12CEECB9F00DF9E51 /* LaunchScreen.storyboard */ = {
			isa = PBXVariantGroup;
			children = (
				8BD1E0B02CEECB9F00DF9E51 /* Base */,
			);
			name = LaunchScreen.storyboard;
			sourceTree = "<group>";
		};
/* End PBXVariantGroup section */

/* Begin XCBuildConfiguration section */
		8B8E2B182CE6F174001EEC99 /* Debug */ = {
			isa = XCBuildConfiguration;
			buildSettings = {
				ASSETCATALOG_COMPILER_APPICON_NAME = AppIcon;
				ASSETCATALOG_COMPILER_GLOBAL_ACCENT_COLOR_NAME = AccentColor;
				CODE_SIGN_STYLE = Automatic;
				CURRENT_PROJECT_VERSION = 1;
				DEVELOPMENT_TEAM = 63SB2B8YJ5;
				GENERATE_INFOPLIST_FILE = YES;
				INFOPLIST_FILE = CalculatorApp1/info.plist;
				INFOPLIST_KEY_UIApplicationSupportsIndirectInputEvents = YES;
				INFOPLIST_KEY_UILaunchStoryboardName = LaunchScreen;
				INFOPLIST_KEY_UISupportedInterfaceOrientations_iPad = "UIInterfaceOrientationPortrait UIInterfaceOrientationPortraitUpsideDown UIInterfaceOrientationLandscapeLeft UIInterfaceOrientationLandscapeRight";
				INFOPLIST_KEY_UISupportedInterfaceOrientations_iPhone = "UIInterfaceOrientationPortrait UIInterfaceOrientationLandscapeLeft UIInterfaceOrientationLandscapeRight";
				LD_RUNPATH_SEARCH_PATHS = (
					"$(inherited)",
					"@executable_path/Frameworks",
				);
				MARKETING_VERSION = 1.0;
				PRODUCT_BUNDLE_IDENTIFIER = hwb.RemindCalulatorApp;
				PRODUCT_NAME = "$(TARGET_NAME)";
				SWIFT_EMIT_LOC_STRINGS = YES;
				SWIFT_VERSION = 5.0;
				TARGETED_DEVICE_FAMILY = "1,2";
			};
			name = Debug;
		};
		8B8E2B192CE6F174001EEC99 /* Release */ = {
			isa = XCBuildConfiguration;
			buildSettings = {
				ASSETCATALOG_COMPILER_APPICON_NAME = AppIcon;
				ASSETCATALOG_COMPILER_GLOBAL_ACCENT_COLOR_NAME = AccentColor;
				CODE_SIGN_STYLE = Automatic;
				CURRENT_PROJECT_VERSION = 1;
				DEVELOPMENT_TEAM = 63SB2B8YJ5;
				GENERATE_INFOPLIST_FILE = YES;
				INFOPLIST_FILE = CalculatorApp1/info.plist;
				INFOPLIST_KEY_UIApplicationSupportsIndirectInputEvents = YES;
				INFOPLIST_KEY_UILaunchStoryboardName = LaunchScreen;
				INFOPLIST_KEY_UISupportedInterfaceOrientations_iPad = "UIInterfaceOrientationPortrait UIInterfaceOrientationPortraitUpsideDown UIInterfaceOrientationLandscapeLeft UIInterfaceOrientationLandscapeRight";
				INFOPLIST_KEY_UISupportedInterfaceOrientations_iPhone = "UIInterfaceOrientationPortrait UIInterfaceOrientationLandscapeLeft UIInterfaceOrientationLandscapeRight";
				LD_RUNPATH_SEARCH_PATHS = (
					"$(inherited)",
					"@executable_path/Frameworks",
				);
				MARKETING_VERSION = 1.0;
				PRODUCT_BUNDLE_IDENTIFIER = hwb.RemindCalulatorApp;
				PRODUCT_NAME = "$(TARGET_NAME)";
				SWIFT_EMIT_LOC_STRINGS = YES;
				SWIFT_VERSION = 5.0;
				TARGETED_DEVICE_FAMILY = "1,2";
			};
			name = Release;
		};
		8B8E2B1A2CE6F174001EEC99 /* Debug */ = {
			isa = XCBuildConfiguration;
			buildSettings = {
				ALWAYS_SEARCH_USER_PATHS = NO;
				ASSETCATALOG_COMPILER_GENERATE_SWIFT_ASSET_SYMBOL_EXTENSIONS = YES;
				CLANG_ANALYZER_NONNULL = YES;
				CLANG_ANALYZER_NUMBER_OBJECT_CONVERSION = YES_AGGRESSIVE;
				CLANG_CXX_LANGUAGE_STANDARD = "gnu++20";
				CLANG_ENABLE_MODULES = YES;
				CLANG_ENABLE_OBJC_ARC = YES;
				CLANG_ENABLE_OBJC_WEAK = YES;
				CLANG_WARN_BLOCK_CAPTURE_AUTORELEASING = YES;
				CLANG_WARN_BOOL_CONVERSION = YES;
				CLANG_WARN_COMMA = YES;
				CLANG_WARN_CONSTANT_CONVERSION = YES;
				CLANG_WARN_DEPRECATED_OBJC_IMPLEMENTATIONS = YES;
				CLANG_WARN_DIRECT_OBJC_ISA_USAGE = YES_ERROR;
				CLANG_WARN_DOCUMENTATION_COMMENTS = YES;
				CLANG_WARN_EMPTY_BODY = YES;
				CLANG_WARN_ENUM_CONVERSION = YES;
				CLANG_WARN_INFINITE_RECURSION = YES;
				CLANG_WARN_INT_CONVERSION = YES;
				CLANG_WARN_NON_LITERAL_NULL_CONVERSION = YES;
				CLANG_WARN_OBJC_IMPLICIT_RETAIN_SELF = YES;
				CLANG_WARN_OBJC_LITERAL_CONVERSION = YES;
				CLANG_WARN_OBJC_ROOT_CLASS = YES_ERROR;
				CLANG_WARN_QUOTED_INCLUDE_IN_FRAMEWORK_HEADER = YES;
				CLANG_WARN_RANGE_LOOP_ANALYSIS = YES;
				CLANG_WARN_STRICT_PROTOTYPES = YES;
				CLANG_WARN_SUSPICIOUS_MOVE = YES;
				CLANG_WARN_UNGUARDED_AVAILABILITY = YES_AGGRESSIVE;
				CLANG_WARN_UNREACHABLE_CODE = YES;
				CLANG_WARN__DUPLICATE_METHOD_MATCH = YES;
				COPY_PHASE_STRIP = NO;
				DEBUG_INFORMATION_FORMAT = dwarf;
				ENABLE_STRICT_OBJC_MSGSEND = YES;
				ENABLE_TESTABILITY = YES;
				ENABLE_USER_SCRIPT_SANDBOXING = YES;
				GCC_C_LANGUAGE_STANDARD = gnu17;
				GCC_DYNAMIC_NO_PIC = NO;
				GCC_NO_COMMON_BLOCKS = YES;
				GCC_OPTIMIZATION_LEVEL = 0;
				GCC_PREPROCESSOR_DEFINITIONS = (
					"DEBUG=1",
					"$(inherited)",
				);
				GCC_WARN_64_TO_32_BIT_CONVERSION = YES;
				GCC_WARN_ABOUT_RETURN_TYPE = YES_ERROR;
				GCC_WARN_UNDECLARED_SELECTOR = YES;
				GCC_WARN_UNINITIALIZED_AUTOS = YES_AGGRESSIVE;
				GCC_WARN_UNUSED_FUNCTION = YES;
				GCC_WARN_UNUSED_VARIABLE = YES;
				IPHONEOS_DEPLOYMENT_TARGET = 18.1;
				LOCALIZATION_PREFERS_STRING_CATALOGS = YES;
				MTL_ENABLE_DEBUG_INFO = INCLUDE_SOURCE;
				MTL_FAST_MATH = YES;
				ONLY_ACTIVE_ARCH = YES;
				SDKROOT = iphoneos;
				SWIFT_ACTIVE_COMPILATION_CONDITIONS = "DEBUG $(inherited)";
				SWIFT_OPTIMIZATION_LEVEL = "-Onone";
			};
			name = Debug;
		};
		8B8E2B1B2CE6F174001EEC99 /* Release */ = {
			isa = XCBuildConfiguration;
			buildSettings = {
				ALWAYS_SEARCH_USER_PATHS = NO;
				ASSETCATALOG_COMPILER_GENERATE_SWIFT_ASSET_SYMBOL_EXTENSIONS = YES;
				CLANG_ANALYZER_NONNULL = YES;
				CLANG_ANALYZER_NUMBER_OBJECT_CONVERSION = YES_AGGRESSIVE;
				CLANG_CXX_LANGUAGE_STANDARD = "gnu++20";
				CLANG_ENABLE_MODULES = YES;
				CLANG_ENABLE_OBJC_ARC = YES;
				CLANG_ENABLE_OBJC_WEAK = YES;
				CLANG_WARN_BLOCK_CAPTURE_AUTORELEASING = YES;
				CLANG_WARN_BOOL_CONVERSION = YES;
				CLANG_WARN_COMMA = YES;
				CLANG_WARN_CONSTANT_CONVERSION = YES;
				CLANG_WARN_DEPRECATED_OBJC_IMPLEMENTATIONS = YES;
				CLANG_WARN_DIRECT_OBJC_ISA_USAGE = YES_ERROR;
				CLANG_WARN_DOCUMENTATION_COMMENTS = YES;
				CLANG_WARN_EMPTY_BODY = YES;
				CLANG_WARN_ENUM_CONVERSION = YES;
				CLANG_WARN_INFINITE_RECURSION = YES;
				CLANG_WARN_INT_CONVERSION = YES;
				CLANG_WARN_NON_LITERAL_NULL_CONVERSION = YES;
				CLANG_WARN_OBJC_IMPLICIT_RETAIN_SELF = YES;
				CLANG_WARN_OBJC_LITERAL_CONVERSION = YES;
				CLANG_WARN_OBJC_ROOT_CLASS = YES_ERROR;
				CLANG_WARN_QUOTED_INCLUDE_IN_FRAMEWORK_HEADER = YES;
				CLANG_WARN_RANGE_LOOP_ANALYSIS = YES;
				CLANG_WARN_STRICT_PROTOTYPES = YES;
				CLANG_WARN_SUSPICIOUS_MOVE = YES;
				CLANG_WARN_UNGUARDED_AVAILABILITY = YES_AGGRESSIVE;
				CLANG_WARN_UNREACHABLE_CODE = YES;
				CLANG_WARN__DUPLICATE_METHOD_MATCH = YES;
				COPY_PHASE_STRIP = NO;
				DEBUG_INFORMATION_FORMAT = "dwarf-with-dsym";
				ENABLE_NS_ASSERTIONS = NO;
				ENABLE_STRICT_OBJC_MSGSEND = YES;
				ENABLE_USER_SCRIPT_SANDBOXING = YES;
				GCC_C_LANGUAGE_STANDARD = gnu17;
				GCC_NO_COMMON_BLOCKS = YES;
				GCC_WARN_64_TO_32_BIT_CONVERSION = YES;
				GCC_WARN_ABOUT_RETURN_TYPE = YES_ERROR;
				GCC_WARN_UNDECLARED_SELECTOR = YES;
				GCC_WARN_UNINITIALIZED_AUTOS = YES_AGGRESSIVE;
				GCC_WARN_UNUSED_FUNCTION = YES;
				GCC_WARN_UNUSED_VARIABLE = YES;
				IPHONEOS_DEPLOYMENT_TARGET = 18.1;
				LOCALIZATION_PREFERS_STRING_CATALOGS = YES;
				MTL_ENABLE_DEBUG_INFO = NO;
				MTL_FAST_MATH = YES;
				SDKROOT = iphoneos;
				SWIFT_COMPILATION_MODE = wholemodule;
				VALIDATE_PRODUCT = YES;
			};
			name = Release;
		};
		8B8E2B1D2CE6F174001EEC99 /* Debug */ = {
			isa = XCBuildConfiguration;
			buildSettings = {
				BUNDLE_LOADER = "$(TEST_HOST)";
				CODE_SIGN_STYLE = Automatic;
				CURRENT_PROJECT_VERSION = 1;
				DEVELOPMENT_TEAM = 63SB2B8YJ5;
				GENERATE_INFOPLIST_FILE = YES;
				IPHONEOS_DEPLOYMENT_TARGET = 18.1;
				MARKETING_VERSION = 1.0;
				PRODUCT_BUNDLE_IDENTIFIER = hwb.RemindCalulatorAppTests;
				PRODUCT_NAME = "$(TARGET_NAME)";
				SWIFT_EMIT_LOC_STRINGS = NO;
				SWIFT_VERSION = 5.0;
				TARGETED_DEVICE_FAMILY = "1,2";
				TEST_HOST = "$(BUILT_PRODUCTS_DIR)/RemindCalulatorApp.app/$(BUNDLE_EXECUTABLE_FOLDER_PATH)/RemindCalulatorApp";
			};
			name = Debug;
		};
		8B8E2B1E2CE6F174001EEC99 /* Release */ = {
			isa = XCBuildConfiguration;
			buildSettings = {
				BUNDLE_LOADER = "$(TEST_HOST)";
				CODE_SIGN_STYLE = Automatic;
				CURRENT_PROJECT_VERSION = 1;
				DEVELOPMENT_TEAM = 63SB2B8YJ5;
				GENERATE_INFOPLIST_FILE = YES;
				IPHONEOS_DEPLOYMENT_TARGET = 18.1;
				MARKETING_VERSION = 1.0;
				PRODUCT_BUNDLE_IDENTIFIER = hwb.RemindCalulatorAppTests;
				PRODUCT_NAME = "$(TARGET_NAME)";
				SWIFT_EMIT_LOC_STRINGS = NO;
				SWIFT_VERSION = 5.0;
				TARGETED_DEVICE_FAMILY = "1,2";
				TEST_HOST = "$(BUILT_PRODUCTS_DIR)/RemindCalulatorApp.app/$(BUNDLE_EXECUTABLE_FOLDER_PATH)/RemindCalulatorApp";
			};
			name = Release;
		};
		8B8E2B202CE6F174001EEC99 /* Debug */ = {
			isa = XCBuildConfiguration;
			buildSettings = {
				CODE_SIGN_STYLE = Automatic;
				CURRENT_PROJECT_VERSION = 1;
				DEVELOPMENT_TEAM = 63SB2B8YJ5;
				GENERATE_INFOPLIST_FILE = YES;
				MARKETING_VERSION = 1.0;
				PRODUCT_BUNDLE_IDENTIFIER = hwb.RemindCalulatorAppUITests;
				PRODUCT_NAME = "$(TARGET_NAME)";
				SWIFT_EMIT_LOC_STRINGS = NO;
				SWIFT_VERSION = 5.0;
				TARGETED_DEVICE_FAMILY = "1,2";
				TEST_TARGET_NAME = RemindCalulatorApp;
			};
			name = Debug;
		};
		8B8E2B212CE6F174001EEC99 /* Release */ = {
			isa = XCBuildConfiguration;
			buildSettings = {
				CODE_SIGN_STYLE = Automatic;
				CURRENT_PROJECT_VERSION = 1;
				DEVELOPMENT_TEAM = 63SB2B8YJ5;
				GENERATE_INFOPLIST_FILE = YES;
				MARKETING_VERSION = 1.0;
				PRODUCT_BUNDLE_IDENTIFIER = hwb.RemindCalulatorAppUITests;
				PRODUCT_NAME = "$(TARGET_NAME)";
				SWIFT_EMIT_LOC_STRINGS = NO;
				SWIFT_VERSION = 5.0;
				TARGETED_DEVICE_FAMILY = "1,2";
				TEST_TARGET_NAME = RemindCalulatorApp;
			};
			name = Release;
		};
/* End XCBuildConfiguration section */

/* Begin XCConfigurationList section */
		8B8E2AE92CE6F173001EEC99 /* Build configuration list for PBXProject "CalculatorApp1" */ = {
			isa = XCConfigurationList;
			buildConfigurations = (
				8B8E2B1A2CE6F174001EEC99 /* Debug */,
				8B8E2B1B2CE6F174001EEC99 /* Release */,
			);
			defaultConfigurationIsVisible = 0;
			defaultConfigurationName = Release;
		};
		8B8E2B172CE6F174001EEC99 /* Build configuration list for PBXNativeTarget "CalculatorApp1" */ = {
			isa = XCConfigurationList;
			buildConfigurations = (
				8B8E2B182CE6F174001EEC99 /* Debug */,
				8B8E2B192CE6F174001EEC99 /* Release */,
			);
			defaultConfigurationIsVisible = 0;
			defaultConfigurationName = Release;
		};
		8B8E2B1C2CE6F174001EEC99 /* Build configuration list for PBXNativeTarget "RemindCalulatorAppTests" */ = {
			isa = XCConfigurationList;
			buildConfigurations = (
				8B8E2B1D2CE6F174001EEC99 /* Debug */,
				8B8E2B1E2CE6F174001EEC99 /* Release */,
			);
			defaultConfigurationIsVisible = 0;
			defaultConfigurationName = Release;
		};
		8B8E2B1F2CE6F174001EEC99 /* Build configuration list for PBXNativeTarget "RemindCalulatorAppUITests" */ = {
			isa = XCConfigurationList;
			buildConfigurations = (
				8B8E2B202CE6F174001EEC99 /* Debug */,
				8B8E2B212CE6F174001EEC99 /* Release */,
			);
			defaultConfigurationIsVisible = 0;
			defaultConfigurationName = Release;
		};
/* End XCConfigurationList section */

/* Begin XCRemoteSwiftPackageReference section */
		8B8C84D42CE7102E003E6E78 /* XCRemoteSwiftPackageReference "SnapKit" */ = {
			isa = XCRemoteSwiftPackageReference;
			repositoryURL = "https://github.com/SnapKit/SnapKit.git";
			requirement = {
				kind = upToNextMajorVersion;
				minimumVersion = 5.7.1;
			};
		};
/* End XCRemoteSwiftPackageReference section */

/* Begin XCSwiftPackageProductDependency section */
		8B8C84D52CE7102E003E6E78 /* SnapKit */ = {
			isa = XCSwiftPackageProductDependency;
			package = 8B8C84D42CE7102E003E6E78 /* XCRemoteSwiftPackageReference "SnapKit" */;
			productName = SnapKit;
		};
/* End XCSwiftPackageProductDependency section */
	};
	rootObject = 8B8E2AE62CE6F173001EEC99 /* Project object */;
}
